{
  "name": "web",
  "version": "1.0.0",
  "lockfileVersion": 3,
  "requires": true,
  "packages": {
    "": {
      "name": "web",
      "version": "1.0.0",
      "license": "ISC",
      "dependencies": {
        "agora-rtc-sdk-ng": "^4.18.2"
      }
    },
    "node_modules/agora-rtc-sdk-ng": {
      "version": "4.18.2",
      "resolved": "https://registry.npmjs.org/agora-rtc-sdk-ng/-/agora-rtc-sdk-ng-4.18.2.tgz",
      "integrity": "sha512-tvyuXHVL15Eo0lK3wwM3rGPKGPeGYuarAwCs5oyveht1HZO9z3w6vra3d/q3eOCYpvQscCW7P0QNfUIAQTs4RQ==",
      "dependencies": {
        "agora-rte-extension": "^1.2.3"
      }
    },
    "node_modules/agora-rte-extension": {
      "version": "1.2.3",
      "resolved": "https://registry.npmjs.org/agora-rte-extension/-/agora-rte-extension-1.2.3.tgz",
      "integrity": "sha512-k3yNrYVyzJRoQJjaJUktKUI1XRtf8J1XsW8OzYKFqGlS8WQRMsES1+Phj2rfuEriiLObfuyuCimG6KHQCt5tiw=="
    }
  }
}
